// !$*UTF8*$!
{
	archiveVersion = 1;
	classes = {
	};
	objectVersion = 50;
	objects = {

/* Begin PBXBuildFile section */
		1FE6F66225BECC4000380A74 /* ImitateCalendarAppApp.swift in Sources */ = {isa = PBXBuildFile; fileRef = 1FE6F66125BECC4000380A74 /* ImitateCalendarAppApp.swift */; };
		1FE6F66425BECC4000380A74 /* ContentView.swift in Sources */ = {isa = PBXBuildFile; fileRef = 1FE6F66325BECC4000380A74 /* ContentView.swift */; };
		1FE6F66625BECC4400380A74 /* Assets.xcassets in Resources */ = {isa = PBXBuildFile; fileRef = 1FE6F66525BECC4400380A74 /* Assets.xcassets */; };
		1FE6F66925BECC4400380A74 /* Preview Assets.xcassets in Resources */ = {isa = PBXBuildFile; fileRef = 1FE6F66825BECC4400380A74 /* Preview Assets.xcassets */; };
		1FE6F67525BECC4400380A74 /* ImitateCalendarAppTests.swift in Sources */ = {isa = PBXBuildFile; fileRef = 1FE6F67425BECC4400380A74 /* ImitateCalendarAppTests.swift */; };
		1FE6F68025BECC4400380A74 /* ImitateCalendarAppUITests.swift in Sources */ = {isa = PBXBuildFile; fileRef = 1FE6F67F25BECC4400380A74 /* ImitateCalendarAppUITests.swift */; };
/* End PBXBuildFile section */

/* Begin PBXContainerItemProxy section */
		1FE6F67125BECC4400380A74 /* PBXContainerItemProxy */ = {
			isa = PBXContainerItemProxy;
			containerPortal = 1FE6F65625BECC4000380A74 /* Project object */;
			proxyType = 1;
			remoteGlobalIDString = 1FE6F65D25BECC4000380A74;
			remoteInfo = ImitateCalendarApp;
		};
		1FE6F67C25BECC4400380A74 /* PBXContainerItemProxy */ = {
			isa = PBXContainerItemProxy;
			containerPortal = 1FE6F65625BECC4000380A74 /* Project object */;
			proxyType = 1;
			remoteGlobalIDString = 1FE6F65D25BECC4000380A74;
			remoteInfo = ImitateCalendarApp;
		};
/* End PBXContainerItemProxy section */

/* Begin PBXFileReference section */
		1FE6F65E25BECC4000380A74 /* ImitateCalendarApp.app */ = {isa = PBXFileReference; explicitFileType = wrapper.application; includeInIndex = 0; path = ImitateCalendarApp.app; sourceTree = BUILT_PRODUCTS_DIR; };
		1FE6F66125BECC4000380A74 /* ImitateCalendarAppApp.swift */ = {isa = PBXFileReference; lastKnownFileType = sourcecode.swift; path = ImitateCalendarAppApp.swift; sourceTree = "<group>"; };
		1FE6F66325BECC4000380A74 /* ContentView.swift */ = {isa = PBXFileReference; lastKnownFileType = sourcecode.swift; path = ContentView.swift; sourceTree = "<group>"; };
		1FE6F66525BECC4400380A74 /* Assets.xcassets */ = {isa = PBXFileReference; lastKnownFileType = folder.assetcatalog; path = Assets.xcassets; sourceTree = "<group>"; };
		1FE6F66825BECC4400380A74 /* Preview Assets.xcassets */ = {isa = PBXFileReference; lastKnownFileType = folder.assetcatalog; path = "Preview Assets.xcassets"; sourceTree = "<group>"; };
		1FE6F66A25BECC4400380A74 /* Info.plist */ = {isa = PBXFileReference; lastKnownFileType = text.plist.xml; path = Info.plist; sourceTree = "<group>"; };
		1FE6F66B25BECC4400380A74 /* ImitateCalendarApp.entitlements */ = {isa = PBXFileReference; lastKnownFileType = text.plist.entitlements; path = ImitateCalendarApp.entitlements; sourceTree = "<group>"; };
		1FE6F67025BECC4400380A74 /* ImitateCalendarAppTests.xctest */ = {isa = PBXFileReference; explicitFileType = wrapper.cfbundle; includeInIndex = 0; path = ImitateCalendarAppTests.xctest; sourceTree = BUILT_PRODUCTS_DIR; };
		1FE6F67425BECC4400380A74 /* ImitateCalendarAppTests.swift */ = {isa = PBXFileReference; lastKnownFileType = sourcecode.swift; path = ImitateCalendarAppTests.swift; sourceTree = "<group>"; };
		1FE6F67625BECC4400380A74 /* Info.plist */ = {isa = PBXFileReference; lastKnownFileType = text.plist.xml; path = Info.plist; sourceTree = "<group>"; };
		1FE6F67B25BECC4400380A74 /* ImitateCalendarAppUITests.xctest */ = {isa = PBXFileReference; explicitFileType = wrapper.cfbundle; includeInIndex = 0; path = ImitateCalendarAppUITests.xctest; sourceTree = BUILT_PRODUCTS_DIR; };
		1FE6F67F25BECC4400380A74 /* ImitateCalendarAppUITests.swift */ = {isa = PBXFileReference; lastKnownFileType = sourcecode.swift; path = ImitateCalendarAppUITests.swift; sourceTree = "<group>"; };
		1FE6F68125BECC4400380A74 /* Info.plist */ = {isa = PBXFileReference; lastKnownFileType = text.plist.xml; path = Info.plist; sourceTree = "<group>"; };
/* End PBXFileReference section */

/* Begin PBXFrameworksBuildPhase section */
		1FE6F65B25BECC4000380A74 /* Frameworks */ = {
			isa = PBXFrameworksBuildPhase;
			buildActionMask = 2147483647;
			files = (
			);
			runOnlyForDeploymentPostprocessing = 0;
		};
		1FE6F66D25BECC4400380A74 /* Frameworks */ = {
			isa = PBXFrameworksBuildPhase;
			buildActionMask = 2147483647;
			files = (
			);
			runOnlyForDeploymentPostprocessing = 0;
		};
		1FE6F67825BECC4400380A74 /* Frameworks */ = {
			isa = PBXFrameworksBuildPhase;
			buildActionMask = 2147483647;
			files = (
			);
			runOnlyForDeploymentPostprocessing = 0;
		};
/* End PBXFrameworksBuildPhase section */

/* Begin PBXGroup section */
		1FE6F65525BECC4000380A74 = {
			isa = PBXGroup;
			children = (
				1FE6F66025BECC4000380A74 /* ImitateCalendarApp */,
				1FE6F67325BECC4400380A74 /* ImitateCalendarAppTests */,
				1FE6F67E25BECC4400380A74 /* ImitateCalendarAppUITests */,
				1FE6F65F25BECC4000380A74 /* Products */,
			);
			sourceTree = "<group>";
		};
		1FE6F65F25BECC4000380A74 /* Products */ = {
			isa = PBXGroup;
			children = (
				1FE6F65E25BECC4000380A74 /* ImitateCalendarApp.app */,
				1FE6F67025BECC4400380A74 /* ImitateCalendarAppTests.xctest */,
				1FE6F67B25BECC4400380A74 /* ImitateCalendarAppUITests.xctest */,
			);
			name = Products;
			sourceTree = "<group>";
		};
		1FE6F66025BECC4000380A74 /* ImitateCalendarApp */ = {
			isa = PBXGroup;
			children = (
				1FE6F66125BECC4000380A74 /* ImitateCalendarAppApp.swift */,
				1FE6F66325BECC4000380A74 /* ContentView.swift */,
				1FE6F66525BECC4400380A74 /* Assets.xcassets */,
				1FE6F66A25BECC4400380A74 /* Info.plist */,
				1FE6F66B25BECC4400380A74 /* ImitateCalendarApp.entitlements */,
				1FE6F66725BECC4400380A74 /* Preview Content */,
			);
			path = ImitateCalendarApp;
			sourceTree = "<group>";
		};
		1FE6F66725BECC4400380A74 /* Preview Content */ = {
			isa = PBXGroup;
			children = (
				1FE6F66825BECC4400380A74 /* Preview Assets.xcassets */,
			);
			path = "Preview Content";
			sourceTree = "<group>";
		};
		1FE6F67325BECC4400380A74 /* ImitateCalendarAppTests */ = {
			isa = PBXGroup;
			children = (
				1FE6F67425BECC4400380A74 /* ImitateCalendarAppTests.swift */,
				1FE6F67625BECC4400380A74 /* Info.plist */,
			);
			path = ImitateCalendarAppTests;
			sourceTree = "<group>";
		};
		1FE6F67E25BECC4400380A74 /* ImitateCalendarAppUITests */ = {
			isa = PBXGroup;
			children = (
				1FE6F67F25BECC4400380A74 /* ImitateCalendarAppUITests.swift */,
				1FE6F68125BECC4400380A74 /* Info.plist */,
			);
			path = ImitateCalendarAppUITests;
			sourceTree = "<group>";
		};
/* End PBXGroup section */

/* Begin PBXNativeTarget section */
		1FE6F65D25BECC4000380A74 /* ImitateCalendarApp */ = {
			isa = PBXNativeTarget;
			buildConfigurationList = 1FE6F68425BECC4400380A74 /* Build configuration list for PBXNativeTarget "ImitateCalendarApp" */;
			buildPhases = (
				1FE6F65A25BECC4000380A74 /* Sources */,
				1FE6F65B25BECC4000380A74 /* Frameworks */,
				1FE6F65C25BECC4000380A74 /* Resources */,
			);
			buildRules = (
			);
			dependencies = (
			);
			name = ImitateCalendarApp;
			productName = ImitateCalendarApp;
			productReference = 1FE6F65E25BECC4000380A74 /* ImitateCalendarApp.app */;
			productType = "com.apple.product-type.application";
		};
		1FE6F66F25BECC4400380A74 /* ImitateCalendarAppTests */ = {
			isa = PBXNativeTarget;
			buildConfigurationList = 1FE6F68725BECC4400380A74 /* Build configuration list for PBXNativeTarget "ImitateCalendarAppTests" */;
			buildPhases = (
				1FE6F66C25BECC4400380A74 /* Sources */,
				1FE6F66D25BECC4400380A74 /* Frameworks */,
				1FE6F66E25BECC4400380A74 /* Resources */,
			);
			buildRules = (
			);
			dependencies = (
				1FE6F67225BECC4400380A74 /* PBXTargetDependency */,
			);
			name = ImitateCalendarAppTests;
			productName = ImitateCalendarAppTests;
			productReference = 1FE6F67025BECC4400380A74 /* ImitateCalendarAppTests.xctest */;
			productType = "com.apple.product-type.bundle.unit-test";
		};
		1FE6F67A25BECC4400380A74 /* ImitateCalendarAppUITests */ = {
			isa = PBXNativeTarget;
			buildConfigurationList = 1FE6F68A25BECC4400380A74 /* Build configuration list for PBXNativeTarget "ImitateCalendarAppUITests" */;
			buildPhases = (
				1FE6F67725BECC4400380A74 /* Sources */,
				1FE6F67825BECC4400380A74 /* Frameworks */,
				1FE6F67925BECC4400380A74 /* Resources */,
			);
			buildRules = (
			);
			dependencies = (
				1FE6F67D25BECC4400380A74 /* PBXTargetDependency */,
			);
			name = ImitateCalendarAppUITests;
			productName = ImitateCalendarAppUITests;
			productReference = 1FE6F67B25BECC4400380A74 /* ImitateCalendarAppUITests.xctest */;
			productType = "com.apple.product-type.bundle.ui-testing";
		};
/* End PBXNativeTarget section */

/* Begin PBXProject section */
		1FE6F65625BECC4000380A74 /* Project object */ = {
			isa = PBXProject;
			attributes = {
				LastSwiftUpdateCheck = 1230;
				LastUpgradeCheck = 1230;
				TargetAttributes = {
					1FE6F65D25BECC4000380A74 = {
						CreatedOnToolsVersion = 12.3;
					};
					1FE6F66F25BECC4400380A74 = {
						CreatedOnToolsVersion = 12.3;
						TestTargetID = 1FE6F65D25BECC4000380A74;
					};
					1FE6F67A25BECC4400380A74 = {
						CreatedOnToolsVersion = 12.3;
						TestTargetID = 1FE6F65D25BECC4000380A74;
					};
				};
			};
			buildConfigurationList = 1FE6F65925BECC4000380A74 /* Build configuration list for PBXProject "ImitateCalendarApp" */;
			compatibilityVersion = "Xcode 9.3";
			developmentRegion = en;
			hasScannedForEncodings = 0;
			knownRegions = (
				en,
				Base,
			);
			mainGroup = 1FE6F65525BECC4000380A74;
			productRefGroup = 1FE6F65F25BECC4000380A74 /* Products */;
			projectDirPath = "";
			projectRoot = "";
			targets = (
				1FE6F65D25BECC4000380A74 /* ImitateCalendarApp */,
				1FE6F66F25BECC4400380A74 /* ImitateCalendarAppTests */,
				1FE6F67A25BECC4400380A74 /* ImitateCalendarAppUITests */,
			);
		};
/* End PBXProject section */

/* Begin PBXResourcesBuildPhase section */
		1FE6F65C25BECC4000380A74 /* Resources */ = {
			isa = PBXResourcesBuildPhase;
			buildActionMask = 2147483647;
			files = (
				1FE6F66925BECC4400380A74 /* Preview Assets.xcassets in Resources */,
				1FE6F66625BECC4400380A74 /* Assets.xcassets in Resources */,
			);
			runOnlyForDeploymentPostprocessing = 0;
		};
		1FE6F66E25BECC4400380A74 /* Resources */ = {
			isa = PBXResourcesBuildPhase;
			buildActionMask = 2147483647;
			files = (
			);
			runOnlyForDeploymentPostprocessing = 0;
		};
		1FE6F67925BECC4400380A74 /* Resources */ = {
			isa = PBXResourcesBuildPhase;
			buildActionMask = 2147483647;
			files = (
			);
			runOnlyForDeploymentPostprocessing = 0;
		};
/* End PBXResourcesBuildPhase section */

/* Begin PBXSourcesBuildPhase section */
		1FE6F65A25BECC4000380A74 /* Sources */ = {
			isa = PBXSourcesBuildPhase;
			buildActionMask = 2147483647;
			files = (
				1FE6F66425BECC4000380A74 /* ContentView.swift in Sources */,
				1FE6F66225BECC4000380A74 /* ImitateCalendarAppApp.swift in Sources */,
			);
			runOnlyForDeploymentPostprocessing = 0;
		};
		1FE6F66C25BECC4400380A74 /* Sources */ = {
			isa = PBXSourcesBuildPhase;
			buildActionMask = 2147483647;
			files = (
				1FE6F67525BECC4400380A74 /* ImitateCalendarAppTests.swift in Sources */,
			);
			runOnlyForDeploymentPostprocessing = 0;
		};
		1FE6F67725BECC4400380A74 /* Sources */ = {
			isa = PBXSourcesBuildPhase;
			buildActionMask = 2147483647;
			files = (
				1FE6F68025BECC4400380A74 /* ImitateCalendarAppUITests.swift in Sources */,
			);
			runOnlyForDeploymentPostprocessing = 0;
		};
/* End PBXSourcesBuildPhase section */

/* Begin PBXTargetDependency section */
		1FE6F67225BECC4400380A74 /* PBXTargetDependency */ = {
			isa = PBXTargetDependency;
			target = 1FE6F65D25BECC4000380A74 /* ImitateCalendarApp */;
			targetProxy = 1FE6F67125BECC4400380A74 /* PBXContainerItemProxy */;
		};
		1FE6F67D25BECC4400380A74 /* PBXTargetDependency */ = {
			isa = PBXTargetDependency;
			target = 1FE6F65D25BECC4000380A74 /* ImitateCalendarApp */;
			targetProxy = 1FE6F67C25BECC4400380A74 /* PBXContainerItemProxy */;
		};
/* End PBXTargetDependency section */

/* Begin XCBuildConfiguration section */
		1FE6F68225BECC4400380A74 /* Debug */ = {
			isa = XCBuildConfiguration;
			buildSettings = {
				ALWAYS_SEARCH_USER_PATHS = NO;
				CLANG_ANALYZER_NONNULL = YES;
				CLANG_ANALYZER_NUMBER_OBJECT_CONVERSION = YES_AGGRESSIVE;
				CLANG_CXX_LANGUAGE_STANDARD = "gnu++14";
				CLANG_CXX_LIBRARY = "libc++";
				CLANG_ENABLE_MODULES = YES;
				CLANG_ENABLE_OBJC_ARC = YES;
				CLANG_ENABLE_OBJC_WEAK = YES;
				CLANG_WARN_BLOCK_CAPTURE_AUTORELEASING = YES;
				CLANG_WARN_BOOL_CONVERSION = YES;
				CLANG_WARN_COMMA = YES;
				CLANG_WARN_CONSTANT_CONVERSION = YES;
				CLANG_WARN_DEPRECATED_OBJC_IMPLEMENTATIONS = YES;
				CLANG_WARN_DIRECT_OBJC_ISA_USAGE = YES_ERROR;
				CLANG_WARN_DOCUMENTATION_COMMENTS = YES;
				CLANG_WARN_EMPTY_BODY = YES;
				CLANG_WARN_ENUM_CONVERSION = YES;
				CLANG_WARN_INFINITE_RECURSION = YES;
				CLANG_WARN_INT_CONVERSION = YES;
				CLANG_WARN_NON_LITERAL_NULL_CONVERSION = YES;
				CLANG_WARN_OBJC_IMPLICIT_RETAIN_SELF = YES;
				CLANG_WARN_OBJC_LITERAL_CONVERSION = YES;
				CLANG_WARN_OBJC_ROOT_CLASS = YES_ERROR;
				CLANG_WARN_QUOTED_INCLUDE_IN_FRAMEWORK_HEADER = YES;
				CLANG_WARN_RANGE_LOOP_ANALYSIS = YES;
				CLANG_WARN_STRICT_PROTOTYPES = YES;
				CLANG_WARN_SUSPICIOUS_MOVE = YES;
				CLANG_WARN_UNGUARDED_AVAILABILITY = YES_AGGRESSIVE;
				CLANG_WARN_UNREACHABLE_CODE = YES;
				CLANG_WARN__DUPLICATE_METHOD_MATCH = YES;
				COPY_PHASE_STRIP = NO;
				DEBUG_INFORMATION_FORMAT = dwarf;
				ENABLE_STRICT_OBJC_MSGSEND = YES;
				ENABLE_TESTABILITY = YES;
				GCC_C_LANGUAGE_STANDARD = gnu11;
				GCC_DYNAMIC_NO_PIC = NO;
				GCC_NO_COMMON_BLOCKS = YES;
				GCC_OPTIMIZATION_LEVEL = 0;
				GCC_PREPROCESSOR_DEFINITIONS = (
					"DEBUG=1",
					"$(inherited)",
				);
				GCC_WARN_64_TO_32_BIT_CONVERSION = YES;
				GCC_WARN_ABOUT_RETURN_TYPE = YES_ERROR;
				GCC_WARN_UNDECLARED_SELECTOR = YES;
				GCC_WARN_UNINITIALIZED_AUTOS = YES_AGGRESSIVE;
				GCC_WARN_UNUSED_FUNCTION = YES;
				GCC_WARN_UNUSED_VARIABLE = YES;
				MACOSX_DEPLOYMENT_TARGET = 11.1;
				MTL_ENABLE_DEBUG_INFO = INCLUDE_SOURCE;
				MTL_FAST_MATH = YES;
				ONLY_ACTIVE_ARCH = YES;
				SDKROOT = macosx;
				SWIFT_ACTIVE_COMPILATION_CONDITIONS = DEBUG;
				SWIFT_OPTIMIZATION_LEVEL = "-Onone";
			};
			name = Debug;
		};
		1FE6F68325BECC4400380A74 /* Release */ = {
			isa = XCBuildConfiguration;
			buildSettings = {
				ALWAYS_SEARCH_USER_PATHS = NO;
				CLANG_ANALYZER_NONNULL = YES;
				CLANG_ANALYZER_NUMBER_OBJECT_CONVERSION = YES_AGGRESSIVE;
				CLANG_CXX_LANGUAGE_STANDARD = "gnu++14";
				CLANG_CXX_LIBRARY = "libc++";
				CLANG_ENABLE_MODULES = YES;
				CLANG_ENABLE_OBJC_ARC = YES;
				CLANG_ENABLE_OBJC_WEAK = YES;
				CLANG_WARN_BLOCK_CAPTURE_AUTORELEASING = YES;
				CLANG_WARN_BOOL_CONVERSION = YES;
				CLANG_WARN_COMMA = YES;
				CLANG_WARN_CONSTANT_CONVERSION = YES;
				CLANG_WARN_DEPRECATED_OBJC_IMPLEMENTATIONS = YES;
				CLANG_WARN_DIRECT_OBJC_ISA_USAGE = YES_ERROR;
				CLANG_WARN_DOCUMENTATION_COMMENTS = YES;
				CLANG_WARN_EMPTY_BODY = YES;
				CLANG_WARN_ENUM_CONVERSION = YES;
				CLANG_WARN_INFINITE_RECURSION = YES;
				CLANG_WARN_INT_CONVERSION = YES;
				CLANG_WARN_NON_LITERAL_NULL_CONVERSION = YES;
				CLANG_WARN_OBJC_IMPLICIT_RETAIN_SELF = YES;
				CLANG_WARN_OBJC_LITERAL_CONVERSION = YES;
				CLANG_WARN_OBJC_ROOT_CLASS = YES_ERROR;
				CLANG_WARN_QUOTED_INCLUDE_IN_FRAMEWORK_HEADER = YES;
				CLANG_WARN_RANGE_LOOP_ANALYSIS = YES;
				CLANG_WARN_STRICT_PROTOTYPES = YES;
				CLANG_WARN_SUSPICIOUS_MOVE = YES;
				CLANG_WARN_UNGUARDED_AVAILABILITY = YES_AGGRESSIVE;
				CLANG_WARN_UNREACHABLE_CODE = YES;
				CLANG_WARN__DUPLICATE_METHOD_MATCH = YES;
				COPY_PHASE_STRIP = NO;
				DEBUG_INFORMATION_FORMAT = "dwarf-with-dsym";
				ENABLE_NS_ASSERTIONS = NO;
				ENABLE_STRICT_OBJC_MSGSEND = YES;
				GCC_C_LANGUAGE_STANDARD = gnu11;
				GCC_NO_COMMON_BLOCKS = YES;
				GCC_WARN_64_TO_32_BIT_CONVERSION = YES;
				GCC_WARN_ABOUT_RETURN_TYPE = YES_ERROR;
				GCC_WARN_UNDECLARED_SELECTOR = YES;
				GCC_WARN_UNINITIALIZED_AUTOS = YES_AGGRESSIVE;
				GCC_WARN_UNUSED_FUNCTION = YES;
				GCC_WARN_UNUSED_VARIABLE = YES;
				MACOSX_DEPLOYMENT_TARGET = 11.1;
				MTL_ENABLE_DEBUG_INFO = NO;
				MTL_FAST_MATH = YES;
				SDKROOT = macosx;
				SWIFT_COMPILATION_MODE = wholemodule;
				SWIFT_OPTIMIZATION_LEVEL = "-O";
			};
			name = Release;
		};
		1FE6F68525BECC4400380A74 /* Debug */ = {
			isa = XCBuildConfiguration;
			buildSettings = {
				ASSETCATALOG_COMPILER_APPICON_NAME = AppIcon;
				ASSETCATALOG_COMPILER_GLOBAL_ACCENT_COLOR_NAME = AccentColor;
				CODE_SIGN_ENTITLEMENTS = ImitateCalendarApp/ImitateCalendarApp.entitlements;
				CODE_SIGN_STYLE = Automatic;
				COMBINE_HIDPI_IMAGES = YES;
				DEVELOPMENT_ASSET_PATHS = "\"ImitateCalendarApp/Preview Content\"";
				DEVELOPMENT_TEAM = 5WE3W98EVA;
				ENABLE_HARDENED_RUNTIME = YES;
				ENABLE_PREVIEWS = YES;
				INFOPLIST_FILE = ImitateCalendarApp/Info.plist;
				LD_RUNPATH_SEARCH_PATHS = (
					"$(inherited)",
					"@executable_path/../Frameworks",
				);
				MACOSX_DEPLOYMENT_TARGET = 11.0;
				PRODUCT_BUNDLE_IDENTIFIER = com.dsa.ImitateCalendarApp;
				PRODUCT_NAME = "$(TARGET_NAME)";
				SWIFT_VERSION = 5.0;
			};
			name = Debug;
		};
		1FE6F68625BECC4400380A74 /* Release */ = {
			isa = XCBuildConfiguration;
			buildSettings = {
				ASSETCATALOG_COMPILER_APPICON_NAME = AppIcon;
				ASSETCATALOG_COMPILER_GLOBAL_ACCENT_COLOR_NAME = AccentColor;
				CODE_SIGN_ENTITLEMENTS = ImitateCalendarApp/ImitateCalendarApp.entitlements;
				CODE_SIGN_STYLE = Automatic;
				COMBINE_HIDPI_IMAGES = YES;
				DEVELOPMENT_ASSET_PATHS = "\"ImitateCalendarApp/Preview Content\"";
				DEVELOPMENT_TEAM = 5WE3W98EVA;
				ENABLE_HARDENED_RUNTIME = YES;
				ENABLE_PREVIEWS = YES;
				INFOPLIST_FILE = ImitateCalendarApp/Info.plist;
				LD_RUNPATH_SEARCH_PATHS = (
					"$(inherited)",
					"@executable_path/../Frameworks",
				);
				MACOSX_DEPLOYMENT_TARGET = 11.0;
				PRODUCT_BUNDLE_IDENTIFIER = com.dsa.ImitateCalendarApp;
				PRODUCT_NAME = "$(TARGET_NAME)";
				SWIFT_VERSION = 5.0;
			};
			name = Release;
		};
		1FE6F68825BECC4400380A74 /* Debug */ = {
			isa = XCBuildConfiguration;
			buildSettings = {
				ALWAYS_EMBED_SWIFT_STANDARD_LIBRARIES = YES;
				BUNDLE_LOADER = "$(TEST_HOST)";
				CODE_SIGN_STYLE = Automatic;
				COMBINE_HIDPI_IMAGES = YES;
				DEVELOPMENT_TEAM = 5WE3W98EVA;
				INFOPLIST_FILE = ImitateCalendarAppTests/Info.plist;
				LD_RUNPATH_SEARCH_PATHS = (
					"$(inherited)",
					"@executable_path/../Frameworks",
					"@loader_path/../Frameworks",
				);
				MACOSX_DEPLOYMENT_TARGET = 11.0;
				PRODUCT_BUNDLE_IDENTIFIER = com.dsa.ImitateCalendarAppTests;
				PRODUCT_NAME = "$(TARGET_NAME)";
				SWIFT_VERSION = 5.0;
				TEST_HOST = "$(BUILT_PRODUCTS_DIR)/ImitateCalendarApp.app/Contents/MacOS/ImitateCalendarApp";
			};
			name = Debug;
		};
		1FE6F68925BECC4400380A74 /* Release */ = {
			isa = XCBuildConfiguration;
			buildSettings = {
				ALWAYS_EMBED_SWIFT_STANDARD_LIBRARIES = YES;
				BUNDLE_LOADER = "$(TEST_HOST)";
				CODE_SIGN_STYLE = Automatic;
				COMBINE_HIDPI_IMAGES = YES;
				DEVELOPMENT_TEAM = 5WE3W98EVA;
				INFOPLIST_FILE = ImitateCalendarAppTests/Info.plist;
				LD_RUNPATH_SEARCH_PATHS = (
					"$(inherited)",
					"@executable_path/../Frameworks",
					"@loader_path/../Frameworks",
				);
				MACOSX_DEPLOYMENT_TARGET = 11.0;
				PRODUCT_BUNDLE_IDENTIFIER = com.dsa.ImitateCalendarAppTests;
				PRODUCT_NAME = "$(TARGET_NAME)";
				SWIFT_VERSION = 5.0;
				TEST_HOST = "$(BUILT_PRODUCTS_DIR)/ImitateCalendarApp.app/Contents/MacOS/ImitateCalendarApp";
			};
			name = Release;
		};
		1FE6F68B25BECC4400380A74 /* Debug */ = {
			isa = XCBuildConfiguration;
			buildSettings = {
				ALWAYS_EMBED_SWIFT_STANDARD_LIBRARIES = YES;
				CODE_SIGN_STYLE = Automatic;
				COMBINE_HIDPI_IMAGES = YES;
				DEVELOPMENT_TEAM = 5WE3W98EVA;
				INFOPLIST_FILE = ImitateCalendarAppUITests/Info.plist;
				LD_RUNPATH_SEARCH_PATHS = (
					"$(inherited)",
					"@executable_path/../Frameworks",
					"@loader_path/../Frameworks",
				);
				PRODUCT_BUNDLE_IDENTIFIER = com.dsa.ImitateCalendarAppUITests;
				PRODUCT_NAME = "$(TARGET_NAME)";
				SWIFT_VERSION = 5.0;
				TEST_TARGET_NAME = ImitateCalendarApp;
			};
			name = Debug;
		};
		1FE6F68C25BECC4400380A74 /* Release */ = {
			isa = XCBuildConfiguration;
			buildSettings = {
				ALWAYS_EMBED_SWIFT_STANDARD_LIBRARIES = YES;
				CODE_SIGN_STYLE = Automatic;
				COMBINE_HIDPI_IMAGES = YES;
				DEVELOPMENT_TEAM = 5WE3W98EVA;
				INFOPLIST_FILE = ImitateCalendarAppUITests/Info.plist;
				LD_RUNPATH_SEARCH_PATHS = (
					"$(inherited)",
					"@executable_path/../Frameworks",
					"@loader_path/../Frameworks",
				);
				PRODUCT_BUNDLE_IDENTIFIER = com.dsa.ImitateCalendarAppUITests;
				PRODUCT_NAME = "$(TARGET_NAME)";
				SWIFT_VERSION = 5.0;
				TEST_TARGET_NAME = ImitateCalendarApp;
			};
			name = Release;
		};
/* End XCBuildConfiguration section */

/* Begin XCConfigurationList section */
		1FE6F65925BECC4000380A74 /* Build configuration list for PBXProject "ImitateCalendarApp" */ = {
			isa = XCConfigurationList;
			buildConfigurations = (
				1FE6F68225BECC4400380A74 /* Debug */,
				1FE6F68325BECC4400380A74 /* Release */,
			);
			defaultConfigurationIsVisible = 0;
			defaultConfigurationName = Release;
		};
		1FE6F68425BECC4400380A74 /* Build configuration list for PBXNativeTarget "ImitateCalendarApp" */ = {
			isa = XCConfigurationList;
			buildConfigurations = (
				1FE6F68525BECC4400380A74 /* Debug */,
				1FE6F68625BECC4400380A74 /* Release */,
			);
			defaultConfigurationIsVisible = 0;
			defaultConfigurationName = Release;
		};
		1FE6F68725BECC4400380A74 /* Build configuration list for PBXNativeTarget "ImitateCalendarAppTests" */ = {
			isa = XCConfigurationList;
			buildConfigurations = (
				1FE6F68825BECC4400380A74 /* Debug */,
				1FE6F68925BECC4400380A74 /* Release */,
			);
			defaultConfigurationIsVisible = 0;
			defaultConfigurationName = Release;
		};
		1FE6F68A25BECC4400380A74 /* Build configuration list for PBXNativeTarget "ImitateCalendarAppUITests" */ = {
			isa = XCConfigurationList;
			buildConfigurations = (
				1FE6F68B25BECC4400380A74 /* Debug */,
				1FE6F68C25BECC4400380A74 /* Release */,
			);
			defaultConfigurationIsVisible = 0;
			defaultConfigurationName = Release;
		};
/* End XCConfigurationList section */
	};
	rootObject = 1FE6F65625BECC4000380A74 /* Project object */;
}
