// !$*UTF8*$!
{
	archiveVersion = 1;
	classes = {
	};
	objectVersion = 50;
	objects = {

/* Begin PBXBuildFile section */
		1FE6F6A025BED09200380A74 /* AppDelegate.swift in Sources */ = {isa = PBXBuildFile; fileRef = 1FE6F69F25BED09200380A74 /* AppDelegate.swift */; };
		1FE6F6A225BED09200380A74 /* SceneDelegate.swift in Sources */ = {isa = PBXBuildFile; fileRef = 1FE6F6A125BED09200380A74 /* SceneDelegate.swift */; };
		1FE6F6A625BED09500380A74 /* Assets.xcassets in Resources */ = {isa = PBXBuildFile; fileRef = 1FE6F6A525BED09500380A74 /* Assets.xcassets */; };
		1FE6F6A925BED09500380A74 /* Preview Assets.xcassets in Resources */ = {isa = PBXBuildFile; fileRef = 1FE6F6A825BED09500380A74 /* Preview Assets.xcassets */; };
		1FE6F6AC25BED09500380A74 /* LaunchScreen.storyboard in Resources */ = {isa = PBXBuildFile; fileRef = 1FE6F6AA25BED09500380A74 /* LaunchScreen.storyboard */; };
		1FE6F6B625BED80700380A74 /* DayViewController.swift in Sources */ = {isa = PBXBuildFile; fileRef = 1FE6F6B525BED80600380A74 /* DayViewController.swift */; };
		1FE6F6B925BED8A700380A74 /* CustomCalendarViewController.swift in Sources */ = {isa = PBXBuildFile; fileRef = 1FE6F6B825BED8A700380A74 /* CustomCalendarViewController.swift */; };
		1FE6F6C425C00D8800380A74 /* DayView.swift in Sources */ = {isa = PBXBuildFile; fileRef = 1FE6F6C325C00D8800380A74 /* DayView.swift */; };
		1FE6F6C725C0109D00380A74 /* DayHeaderView.swift in Sources */ = {isa = PBXBuildFile; fileRef = 1FE6F6C625C0109D00380A74 /* DayHeaderView.swift */; };
		1FE6F6CA25C0125200380A74 /* DaySymbolsView.swift in Sources */ = {isa = PBXBuildFile; fileRef = 1FE6F6C925C0125200380A74 /* DaySymbolsView.swift */; };
		1FE6F6CE25C01B0100380A74 /* Array+Shift.swift in Sources */ = {isa = PBXBuildFile; fileRef = 1FE6F6CD25C01B0100380A74 /* Array+Shift.swift */; };
		1FE6F6D125C14BF400380A74 /* CalendarStyle.swift in Sources */ = {isa = PBXBuildFile; fileRef = 1FE6F6D025C14BF400380A74 /* CalendarStyle.swift */; };
		1FE6F6D425C14D1700380A74 /* UIColor+SystemColors.swift in Sources */ = {isa = PBXBuildFile; fileRef = 1FE6F6D325C14D1700380A74 /* UIColor+SystemColors.swift */; };
		1FE6F6DD25C2EF2700380A74 /* DaySelectorController.swift in Sources */ = {isa = PBXBuildFile; fileRef = 1FE6F6DC25C2EF2700380A74 /* DaySelectorController.swift */; };
		1FE6F6E125C2EF5500380A74 /* DaySelector.swift in Sources */ = {isa = PBXBuildFile; fileRef = 1FE6F6E025C2EF5500380A74 /* DaySelector.swift */; };
/* End PBXBuildFile section */

/* Begin PBXFileReference section */
		1FE6F69C25BED09200380A74 /* ImitateCalendarApp.app */ = {isa = PBXFileReference; explicitFileType = wrapper.application; includeInIndex = 0; path = ImitateCalendarApp.app; sourceTree = BUILT_PRODUCTS_DIR; };
		1FE6F69F25BED09200380A74 /* AppDelegate.swift */ = {isa = PBXFileReference; lastKnownFileType = sourcecode.swift; path = AppDelegate.swift; sourceTree = "<group>"; };
		1FE6F6A125BED09200380A74 /* SceneDelegate.swift */ = {isa = PBXFileReference; lastKnownFileType = sourcecode.swift; path = SceneDelegate.swift; sourceTree = "<group>"; };
		1FE6F6A525BED09500380A74 /* Assets.xcassets */ = {isa = PBXFileReference; lastKnownFileType = folder.assetcatalog; path = Assets.xcassets; sourceTree = "<group>"; };
		1FE6F6A825BED09500380A74 /* Preview Assets.xcassets */ = {isa = PBXFileReference; lastKnownFileType = folder.assetcatalog; path = "Preview Assets.xcassets"; sourceTree = "<group>"; };
		1FE6F6AB25BED09500380A74 /* Base */ = {isa = PBXFileReference; lastKnownFileType = file.storyboard; name = Base; path = Base.lproj/LaunchScreen.storyboard; sourceTree = "<group>"; };
		1FE6F6AD25BED09500380A74 /* Info.plist */ = {isa = PBXFileReference; lastKnownFileType = text.plist.xml; path = Info.plist; sourceTree = "<group>"; };
		1FE6F6B525BED80600380A74 /* DayViewController.swift */ = {isa = PBXFileReference; lastKnownFileType = sourcecode.swift; name = DayViewController.swift; path = ../ImitateCalendarApp/DayViewController.swift; sourceTree = "<group>"; };
		1FE6F6B825BED8A700380A74 /* CustomCalendarViewController.swift */ = {isa = PBXFileReference; lastKnownFileType = sourcecode.swift; path = CustomCalendarViewController.swift; sourceTree = "<group>"; };
		1FE6F6C325C00D8800380A74 /* DayView.swift */ = {isa = PBXFileReference; lastKnownFileType = sourcecode.swift; path = DayView.swift; sourceTree = "<group>"; };
		1FE6F6C625C0109D00380A74 /* DayHeaderView.swift */ = {isa = PBXFileReference; lastKnownFileType = sourcecode.swift; path = DayHeaderView.swift; sourceTree = "<group>"; };
		1FE6F6C925C0125200380A74 /* DaySymbolsView.swift */ = {isa = PBXFileReference; lastKnownFileType = sourcecode.swift; path = DaySymbolsView.swift; sourceTree = "<group>"; };
		1FE6F6CD25C01B0100380A74 /* Array+Shift.swift */ = {isa = PBXFileReference; lastKnownFileType = sourcecode.swift; path = "Array+Shift.swift"; sourceTree = "<group>"; };
		1FE6F6D025C14BF400380A74 /* CalendarStyle.swift */ = {isa = PBXFileReference; lastKnownFileType = sourcecode.swift; name = CalendarStyle.swift; path = ../ImitateCalendarApp/CalendarStyle.swift; sourceTree = "<group>"; };
		1FE6F6D325C14D1700380A74 /* UIColor+SystemColors.swift */ = {isa = PBXFileReference; lastKnownFileType = sourcecode.swift; path = "UIColor+SystemColors.swift"; sourceTree = "<group>"; };
		1FE6F6DC25C2EF2700380A74 /* DaySelectorController.swift */ = {isa = PBXFileReference; lastKnownFileType = sourcecode.swift; path = DaySelectorController.swift; sourceTree = "<group>"; };
		1FE6F6E025C2EF5500380A74 /* DaySelector.swift */ = {isa = PBXFileReference; lastKnownFileType = sourcecode.swift; path = DaySelector.swift; sourceTree = "<group>"; };
/* End PBXFileReference section */

/* Begin PBXFrameworksBuildPhase section */
		1FE6F69925BED09200380A74 /* Frameworks */ = {
			isa = PBXFrameworksBuildPhase;
			buildActionMask = 2147483647;
			files = (
			);
			runOnlyForDeploymentPostprocessing = 0;
		};
/* End PBXFrameworksBuildPhase section */

/* Begin PBXGroup section */
		1FE6F69325BED09200380A74 = {
			isa = PBXGroup;
			children = (
				1FE6F69E25BED09200380A74 /* ImitateCalendarApp */,
				1FE6F6BC25C0070500380A74 /* CalendarKit */,
				1FE6F6CC25C01A1100380A74 /* Extensions */,
				1FE6F69D25BED09200380A74 /* Products */,
			);
			sourceTree = "<group>";
		};
		1FE6F69D25BED09200380A74 /* Products */ = {
			isa = PBXGroup;
			children = (
				1FE6F69C25BED09200380A74 /* ImitateCalendarApp.app */,
			);
			name = Products;
			sourceTree = "<group>";
		};
		1FE6F69E25BED09200380A74 /* ImitateCalendarApp */ = {
			isa = PBXGroup;
			children = (
				1FE6F69F25BED09200380A74 /* AppDelegate.swift */,
				1FE6F6B825BED8A700380A74 /* CustomCalendarViewController.swift */,
				1FE6F6A125BED09200380A74 /* SceneDelegate.swift */,
				1FE6F6A525BED09500380A74 /* Assets.xcassets */,
				1FE6F6AA25BED09500380A74 /* LaunchScreen.storyboard */,
				1FE6F6AD25BED09500380A74 /* Info.plist */,
				1FE6F6A725BED09500380A74 /* Preview Content */,
			);
			path = ImitateCalendarApp;
			sourceTree = "<group>";
		};
		1FE6F6A725BED09500380A74 /* Preview Content */ = {
			isa = PBXGroup;
			children = (
				1FE6F6A825BED09500380A74 /* Preview Assets.xcassets */,
			);
			path = "Preview Content";
			sourceTree = "<group>";
		};
		1FE6F6BC25C0070500380A74 /* CalendarKit */ = {
			isa = PBXGroup;
			children = (
				1FE6F6DB25C2EEBF00380A74 /* DaySelector */,
				1FE6F6D025C14BF400380A74 /* CalendarStyle.swift */,
				1FE6F6B525BED80600380A74 /* DayViewController.swift */,
				1FE6F6C325C00D8800380A74 /* DayView.swift */,
				1FE6F6C625C0109D00380A74 /* DayHeaderView.swift */,
				1FE6F6C925C0125200380A74 /* DaySymbolsView.swift */,
			);
			path = CalendarKit;
			sourceTree = "<group>";
		};
		1FE6F6CC25C01A1100380A74 /* Extensions */ = {
			isa = PBXGroup;
			children = (
				1FE6F6CD25C01B0100380A74 /* Array+Shift.swift */,
				1FE6F6D325C14D1700380A74 /* UIColor+SystemColors.swift */,
			);
			path = Extensions;
			sourceTree = "<group>";
		};
		1FE6F6DB25C2EEBF00380A74 /* DaySelector */ = {
			isa = PBXGroup;
			children = (
				1FE6F6DC25C2EF2700380A74 /* DaySelectorController.swift */,
				1FE6F6E025C2EF5500380A74 /* DaySelector.swift */,
			);
			path = DaySelector;
			sourceTree = "<group>";
		};
/* End PBXGroup section */

/* Begin PBXNativeTarget section */
		1FE6F69B25BED09200380A74 /* ImitateCalendarApp */ = {
			isa = PBXNativeTarget;
			buildConfigurationList = 1FE6F6B025BED09500380A74 /* Build configuration list for PBXNativeTarget "ImitateCalendarApp" */;
			buildPhases = (
				1FE6F69825BED09200380A74 /* Sources */,
				1FE6F69925BED09200380A74 /* Frameworks */,
				1FE6F69A25BED09200380A74 /* Resources */,
			);
			buildRules = (
			);
			dependencies = (
			);
			name = ImitateCalendarApp;
			productName = ImitateCalendarApp;
			productReference = 1FE6F69C25BED09200380A74 /* ImitateCalendarApp.app */;
			productType = "com.apple.product-type.application";
		};
/* End PBXNativeTarget section */

/* Begin PBXProject section */
		1FE6F69425BED09200380A74 /* Project object */ = {
			isa = PBXProject;
			attributes = {
				LastSwiftUpdateCheck = 1230;
				LastUpgradeCheck = 1230;
				TargetAttributes = {
					1FE6F69B25BED09200380A74 = {
						CreatedOnToolsVersion = 12.3;
					};
				};
			};
			buildConfigurationList = 1FE6F69725BED09200380A74 /* Build configuration list for PBXProject "ImitateCalendarApp" */;
			compatibilityVersion = "Xcode 9.3";
			developmentRegion = en;
			hasScannedForEncodings = 0;
			knownRegions = (
				en,
				Base,
			);
			mainGroup = 1FE6F69325BED09200380A74;
			productRefGroup = 1FE6F69D25BED09200380A74 /* Products */;
			projectDirPath = "";
			projectRoot = "";
			targets = (
				1FE6F69B25BED09200380A74 /* ImitateCalendarApp */,
			);
		};
/* End PBXProject section */

/* Begin PBXResourcesBuildPhase section */
		1FE6F69A25BED09200380A74 /* Resources */ = {
			isa = PBXResourcesBuildPhase;
			buildActionMask = 2147483647;
			files = (
				1FE6F6AC25BED09500380A74 /* LaunchScreen.storyboard in Resources */,
				1FE6F6A925BED09500380A74 /* Preview Assets.xcassets in Resources */,
				1FE6F6A625BED09500380A74 /* Assets.xcassets in Resources */,
			);
			runOnlyForDeploymentPostprocessing = 0;
		};
/* End PBXResourcesBuildPhase section */

/* Begin PBXSourcesBuildPhase section */
		1FE6F69825BED09200380A74 /* Sources */ = {
			isa = PBXSourcesBuildPhase;
			buildActionMask = 2147483647;
			files = (
				1FE6F6D425C14D1700380A74 /* UIColor+SystemColors.swift in Sources */,
				1FE6F6A025BED09200380A74 /* AppDelegate.swift in Sources */,
				1FE6F6C425C00D8800380A74 /* DayView.swift in Sources */,
				1FE6F6E125C2EF5500380A74 /* DaySelector.swift in Sources */,
				1FE6F6C725C0109D00380A74 /* DayHeaderView.swift in Sources */,
				1FE6F6D125C14BF400380A74 /* CalendarStyle.swift in Sources */,
				1FE6F6DD25C2EF2700380A74 /* DaySelectorController.swift in Sources */,
				1FE6F6B925BED8A700380A74 /* CustomCalendarViewController.swift in Sources */,
				1FE6F6CE25C01B0100380A74 /* Array+Shift.swift in Sources */,
				1FE6F6A225BED09200380A74 /* SceneDelegate.swift in Sources */,
				1FE6F6B625BED80700380A74 /* DayViewController.swift in Sources */,
				1FE6F6CA25C0125200380A74 /* DaySymbolsView.swift in Sources */,
			);
			runOnlyForDeploymentPostprocessing = 0;
		};
/* End PBXSourcesBuildPhase section */

/* Begin PBXVariantGroup section */
		1FE6F6AA25BED09500380A74 /* LaunchScreen.storyboard */ = {
			isa = PBXVariantGroup;
			children = (
				1FE6F6AB25BED09500380A74 /* Base */,
			);
			name = LaunchScreen.storyboard;
			sourceTree = "<group>";
		};
/* End PBXVariantGroup section */

/* Begin XCBuildConfiguration section */
		1FE6F6AE25BED09500380A74 /* Debug */ = {
			isa = XCBuildConfiguration;
			buildSettings = {
				ALWAYS_SEARCH_USER_PATHS = NO;
				CLANG_ANALYZER_NONNULL = YES;
				CLANG_ANALYZER_NUMBER_OBJECT_CONVERSION = YES_AGGRESSIVE;
				CLANG_CXX_LANGUAGE_STANDARD = "gnu++14";
				CLANG_CXX_LIBRARY = "libc++";
				CLANG_ENABLE_MODULES = YES;
				CLANG_ENABLE_OBJC_ARC = YES;
				CLANG_ENABLE_OBJC_WEAK = YES;
				CLANG_WARN_BLOCK_CAPTURE_AUTORELEASING = YES;
				CLANG_WARN_BOOL_CONVERSION = YES;
				CLANG_WARN_COMMA = YES;
				CLANG_WARN_CONSTANT_CONVERSION = YES;
				CLANG_WARN_DEPRECATED_OBJC_IMPLEMENTATIONS = YES;
				CLANG_WARN_DIRECT_OBJC_ISA_USAGE = YES_ERROR;
				CLANG_WARN_DOCUMENTATION_COMMENTS = YES;
				CLANG_WARN_EMPTY_BODY = YES;
				CLANG_WARN_ENUM_CONVERSION = YES;
				CLANG_WARN_INFINITE_RECURSION = YES;
				CLANG_WARN_INT_CONVERSION = YES;
				CLANG_WARN_NON_LITERAL_NULL_CONVERSION = YES;
				CLANG_WARN_OBJC_IMPLICIT_RETAIN_SELF = YES;
				CLANG_WARN_OBJC_LITERAL_CONVERSION = YES;
				CLANG_WARN_OBJC_ROOT_CLASS = YES_ERROR;
				CLANG_WARN_QUOTED_INCLUDE_IN_FRAMEWORK_HEADER = YES;
				CLANG_WARN_RANGE_LOOP_ANALYSIS = YES;
				CLANG_WARN_STRICT_PROTOTYPES = YES;
				CLANG_WARN_SUSPICIOUS_MOVE = YES;
				CLANG_WARN_UNGUARDED_AVAILABILITY = YES_AGGRESSIVE;
				CLANG_WARN_UNREACHABLE_CODE = YES;
				CLANG_WARN__DUPLICATE_METHOD_MATCH = YES;
				COPY_PHASE_STRIP = NO;
				DEBUG_INFORMATION_FORMAT = dwarf;
				ENABLE_STRICT_OBJC_MSGSEND = YES;
				ENABLE_TESTABILITY = YES;
				GCC_C_LANGUAGE_STANDARD = gnu11;
				GCC_DYNAMIC_NO_PIC = NO;
				GCC_NO_COMMON_BLOCKS = YES;
				GCC_OPTIMIZATION_LEVEL = 0;
				GCC_PREPROCESSOR_DEFINITIONS = (
					"DEBUG=1",
					"$(inherited)",
				);
				GCC_WARN_64_TO_32_BIT_CONVERSION = YES;
				GCC_WARN_ABOUT_RETURN_TYPE = YES_ERROR;
				GCC_WARN_UNDECLARED_SELECTOR = YES;
				GCC_WARN_UNINITIALIZED_AUTOS = YES_AGGRESSIVE;
				GCC_WARN_UNUSED_FUNCTION = YES;
				GCC_WARN_UNUSED_VARIABLE = YES;
				IPHONEOS_DEPLOYMENT_TARGET = 14.3;
				MTL_ENABLE_DEBUG_INFO = INCLUDE_SOURCE;
				MTL_FAST_MATH = YES;
				ONLY_ACTIVE_ARCH = YES;
				SDKROOT = iphoneos;
				SWIFT_ACTIVE_COMPILATION_CONDITIONS = DEBUG;
				SWIFT_OPTIMIZATION_LEVEL = "-Onone";
			};
			name = Debug;
		};
		1FE6F6AF25BED09500380A74 /* Release */ = {
			isa = XCBuildConfiguration;
			buildSettings = {
				ALWAYS_SEARCH_USER_PATHS = NO;
				CLANG_ANALYZER_NONNULL = YES;
				CLANG_ANALYZER_NUMBER_OBJECT_CONVERSION = YES_AGGRESSIVE;
				CLANG_CXX_LANGUAGE_STANDARD = "gnu++14";
				CLANG_CXX_LIBRARY = "libc++";
				CLANG_ENABLE_MODULES = YES;
				CLANG_ENABLE_OBJC_ARC = YES;
				CLANG_ENABLE_OBJC_WEAK = YES;
				CLANG_WARN_BLOCK_CAPTURE_AUTORELEASING = YES;
				CLANG_WARN_BOOL_CONVERSION = YES;
				CLANG_WARN_COMMA = YES;
				CLANG_WARN_CONSTANT_CONVERSION = YES;
				CLANG_WARN_DEPRECATED_OBJC_IMPLEMENTATIONS = YES;
				CLANG_WARN_DIRECT_OBJC_ISA_USAGE = YES_ERROR;
				CLANG_WARN_DOCUMENTATION_COMMENTS = YES;
				CLANG_WARN_EMPTY_BODY = YES;
				CLANG_WARN_ENUM_CONVERSION = YES;
				CLANG_WARN_INFINITE_RECURSION = YES;
				CLANG_WARN_INT_CONVERSION = YES;
				CLANG_WARN_NON_LITERAL_NULL_CONVERSION = YES;
				CLANG_WARN_OBJC_IMPLICIT_RETAIN_SELF = YES;
				CLANG_WARN_OBJC_LITERAL_CONVERSION = YES;
				CLANG_WARN_OBJC_ROOT_CLASS = YES_ERROR;
				CLANG_WARN_QUOTED_INCLUDE_IN_FRAMEWORK_HEADER = YES;
				CLANG_WARN_RANGE_LOOP_ANALYSIS = YES;
				CLANG_WARN_STRICT_PROTOTYPES = YES;
				CLANG_WARN_SUSPICIOUS_MOVE = YES;
				CLANG_WARN_UNGUARDED_AVAILABILITY = YES_AGGRESSIVE;
				CLANG_WARN_UNREACHABLE_CODE = YES;
				CLANG_WARN__DUPLICATE_METHOD_MATCH = YES;
				COPY_PHASE_STRIP = NO;
				DEBUG_INFORMATION_FORMAT = "dwarf-with-dsym";
				ENABLE_NS_ASSERTIONS = NO;
				ENABLE_STRICT_OBJC_MSGSEND = YES;
				GCC_C_LANGUAGE_STANDARD = gnu11;
				GCC_NO_COMMON_BLOCKS = YES;
				GCC_WARN_64_TO_32_BIT_CONVERSION = YES;
				GCC_WARN_ABOUT_RETURN_TYPE = YES_ERROR;
				GCC_WARN_UNDECLARED_SELECTOR = YES;
				GCC_WARN_UNINITIALIZED_AUTOS = YES_AGGRESSIVE;
				GCC_WARN_UNUSED_FUNCTION = YES;
				GCC_WARN_UNUSED_VARIABLE = YES;
				IPHONEOS_DEPLOYMENT_TARGET = 14.3;
				MTL_ENABLE_DEBUG_INFO = NO;
				MTL_FAST_MATH = YES;
				SDKROOT = iphoneos;
				SWIFT_COMPILATION_MODE = wholemodule;
				SWIFT_OPTIMIZATION_LEVEL = "-O";
				VALIDATE_PRODUCT = YES;
			};
			name = Release;
		};
		1FE6F6B125BED09500380A74 /* Debug */ = {
			isa = XCBuildConfiguration;
			buildSettings = {
				ASSETCATALOG_COMPILER_APPICON_NAME = AppIcon;
				ASSETCATALOG_COMPILER_GLOBAL_ACCENT_COLOR_NAME = AccentColor;
				CODE_SIGN_STYLE = Automatic;
				DEVELOPMENT_ASSET_PATHS = "\"ImitateCalendarApp/Preview Content\"";
				DEVELOPMENT_TEAM = 5WE3W98EVA;
				ENABLE_PREVIEWS = YES;
				INFOPLIST_FILE = ImitateCalendarApp/Info.plist;
				IPHONEOS_DEPLOYMENT_TARGET = 14.0;
				LD_RUNPATH_SEARCH_PATHS = (
					"$(inherited)",
					"@executable_path/Frameworks",
				);
				PRODUCT_BUNDLE_IDENTIFIER = com.dsa.ImitateCalendarApp;
				PRODUCT_NAME = "$(TARGET_NAME)";
				SWIFT_VERSION = 5.0;
				TARGETED_DEVICE_FAMILY = "1,2";
			};
			name = Debug;
		};
		1FE6F6B225BED09500380A74 /* Release */ = {
			isa = XCBuildConfiguration;
			buildSettings = {
				ASSETCATALOG_COMPILER_APPICON_NAME = AppIcon;
				ASSETCATALOG_COMPILER_GLOBAL_ACCENT_COLOR_NAME = AccentColor;
				CODE_SIGN_STYLE = Automatic;
				DEVELOPMENT_ASSET_PATHS = "\"ImitateCalendarApp/Preview Content\"";
				DEVELOPMENT_TEAM = 5WE3W98EVA;
				ENABLE_PREVIEWS = YES;
				INFOPLIST_FILE = ImitateCalendarApp/Info.plist;
				IPHONEOS_DEPLOYMENT_TARGET = 14.0;
				LD_RUNPATH_SEARCH_PATHS = (
					"$(inherited)",
					"@executable_path/Frameworks",
				);
				PRODUCT_BUNDLE_IDENTIFIER = com.dsa.ImitateCalendarApp;
				PRODUCT_NAME = "$(TARGET_NAME)";
				SWIFT_VERSION = 5.0;
				TARGETED_DEVICE_FAMILY = "1,2";
			};
			name = Release;
		};
/* End XCBuildConfiguration section */

/* Begin XCConfigurationList section */
		1FE6F69725BED09200380A74 /* Build configuration list for PBXProject "ImitateCalendarApp" */ = {
			isa = XCConfigurationList;
			buildConfigurations = (
				1FE6F6AE25BED09500380A74 /* Debug */,
				1FE6F6AF25BED09500380A74 /* Release */,
			);
			defaultConfigurationIsVisible = 0;
			defaultConfigurationName = Release;
		};
		1FE6F6B025BED09500380A74 /* Build configuration list for PBXNativeTarget "ImitateCalendarApp" */ = {
			isa = XCConfigurationList;
			buildConfigurations = (
				1FE6F6B125BED09500380A74 /* Debug */,
				1FE6F6B225BED09500380A74 /* Release */,
			);
			defaultConfigurationIsVisible = 0;
			defaultConfigurationName = Release;
		};
/* End XCConfigurationList section */
	};
	rootObject = 1FE6F69425BED09200380A74 /* Project object */;
}
